
Microsoft Visual Studio Solution File, Format Version 12.00
# Visual Studio Version 17
VisualStudioVersion = 17.10.35004.147
MinimumVisualStudioVersion = 10.0.40219.1
Project("{9A19103F-16F7-4668-BE54-9A1E7A4F7556}") = "ConsoleApp1", "ConsoleApp1.csproj", "{CCEC1FCB-DB8F-4292-868A-652919238876}"
EndProject
Project("{FAE04EC0-301F-11D3-BF4B-00C04F79EFBC}") = "ConsoleApp2", "..\ConsoleApp2\ConsoleApp2.csproj", "{8B9C4092-8C2E-4165-B2DC-3FAC0E087E9F}"
EndProject
Project("{FAE04EC0-301F-11D3-BF4B-00C04F79EFBC}") = "webBank", "..\webBank\webBank.csproj", "{1144F865-5528-470C-A4CB-0A691A06ECDD}"
EndProject
Global
	GlobalSection(SolutionConfigurationPlatforms) = preSolution
		Debug|Any CPU = Debug|Any CPU
		Release|Any CPU = Release|Any CPU
	EndGlobalSection
	GlobalSection(ProjectConfigurationPlatforms) = postSolution
		{CCEC1FCB-DB8F-4292-868A-652919238876}.Debug|Any CPU.ActiveCfg = Debug|Any CPU
		{CCEC1FCB-DB8F-4292-868A-652919238876}.Debug|Any CPU.Build.0 = Debug|Any CPU
		{CCEC1FCB-DB8F-4292-868A-652919238876}.Release|Any CPU.ActiveCfg = Release|Any CPU
		{CCEC1FCB-DB8F-4292-868A-652919238876}.Release|Any CPU.Build.0 = Release|Any CPU
		{8B9C4092-8C2E-4165-B2DC-3FAC0E087E9F}.Debug|Any CPU.ActiveCfg = Debug|Any CPU
		{8B9C4092-8C2E-4165-B2DC-3FAC0E087E9F}.Debug|Any CPU.Build.0 = Debug|Any CPU
		{8B9C4092-8C2E-4165-B2DC-3FAC0E087E9F}.Release|Any CPU.ActiveCfg = Release|Any CPU
		{8B9C4092-8C2E-4165-B2DC-3FAC0E087E9F}.Release|Any CPU.Build.0 = Release|Any CPU
		{1144F865-5528-470C-A4CB-0A691A06ECDD}.Debug|Any CPU.ActiveCfg = Debug|Any CPU
		{1144F865-5528-470C-A4CB-0A691A06ECDD}.Debug|Any CPU.Build.0 = Debug|Any CPU
		{1144F865-5528-470C-A4CB-0A691A06ECDD}.Release|Any CPU.ActiveCfg = Release|Any CPU
		{1144F865-5528-470C-A4CB-0A691A06ECDD}.Release|Any CPU.Build.0 = Release|Any CPU
	EndGlobalSection
	GlobalSection(SolutionProperties) = preSolution
		HideSolutionNode = FALSE
	EndGlobalSection
	GlobalSection(ExtensibilityGlobals) = postSolution
		SolutionGuid = {D3D0E5A7-A994-49EC-9EF9-2DB62399BB46}
	EndGlobalSection
EndGlobal
